
Microsoft Visual Studio Solution File, Format Version 12.00
# Visual Studio Version 16
VisualStudioVersion = 16.0.31112.23
MinimumVisualStudioVersion = 10.0.40219.1
Project("{9A19103F-16F7-4668-BE54-9A1E7A4F7556}") = "Imagegram.Api", "Imagegram.Api\Imagegram.Api.csproj", "{95AD152C-7CCE-4F42-B7B7-9A29746DF566}"
EndProject
Project("{9A19103F-16F7-4668-BE54-9A1E7A4F7556}") = "Imagegram.Api.Tests", "Imagegram.Api.Tests\Imagegram.Api.Tests.csproj", "{FA87E294-0B60-4D7B-83E3-500803B2DBAD}"
EndProject
Global
	GlobalSection(SolutionConfigurationPlatforms) = preSolution
		Debug|Any CPU = Debug|Any CPU
		Release|Any CPU = Release|Any CPU
	EndGlobalSection
	GlobalSection(ProjectConfigurationPlatforms) = postSolution
		{95AD152C-7CCE-4F42-B7B7-9A29746DF566}.Debug|Any CPU.ActiveCfg = Debug|Any CPU
		{95AD152C-7CCE-4F42-B7B7-9A29746DF566}.Debug|Any CPU.Build.0 = Debug|Any CPU
		{95AD152C-7CCE-4F42-B7B7-9A29746DF566}.Release|Any CPU.ActiveCfg = Release|Any CPU
		{95AD152C-7CCE-4F42-B7B7-9A29746DF566}.Release|Any CPU.Build.0 = Release|Any CPU
		{FA87E294-0B60-4D7B-83E3-500803B2DBAD}.Debug|Any CPU.ActiveCfg = Debug|Any CPU
		{FA87E294-0B60-4D7B-83E3-500803B2DBAD}.Debug|Any CPU.Build.0 = Debug|Any CPU
		{FA87E294-0B60-4D7B-83E3-500803B2DBAD}.Release|Any CPU.ActiveCfg = Release|Any CPU
		{FA87E294-0B60-4D7B-83E3-500803B2DBAD}.Release|Any CPU.Build.0 = Release|Any CPU
	EndGlobalSection
	GlobalSection(SolutionProperties) = preSolution
		HideSolutionNode = FALSE
	EndGlobalSection
	GlobalSection(ExtensibilityGlobals) = postSolution
		SolutionGuid = {291B857C-6D97-4A9C-8FA8-CD2766967716}
	EndGlobalSection
EndGlobal
